
Microsoft Visual Studio Solution File, Format Version 12.00
# Visual Studio 15
VisualStudioVersion = 15.0.28307.1145
MinimumVisualStudioVersion = 10.0.40219.1
Project("{888888A0-9F3D-457C-B088-3A5042F75D52}") = "2.5D-Visual-Sound", "2.5D-Visual-Sound.pyproj", "{15227E9B-8C5A-4CCE-9E26-A46C36CFD081}"
EndProject
Global
	GlobalSection(SolutionConfigurationPlatforms) = preSolution
		Debug|Any CPU = Debug|Any CPU
		Release|Any CPU = Release|Any CPU
	EndGlobalSection
	GlobalSection(ProjectConfigurationPlatforms) = postSolution
		{15227E9B-8C5A-4CCE-9E26-A46C36CFD081}.Debug|Any CPU.ActiveCfg = Debug|Any CPU
		{15227E9B-8C5A-4CCE-9E26-A46C36CFD081}.Release|Any CPU.ActiveCfg = Release|Any CPU
	EndGlobalSection
	GlobalSection(SolutionProperties) = preSolution
		HideSolutionNode = FALSE
	EndGlobalSection
	GlobalSection(ExtensibilityGlobals) = postSolution
		SolutionGuid = {6B6B3784-789F-4FEE-8B2B-887D4385D1BD}
	EndGlobalSection
EndGlobal
